
Microsoft Visual Studio Solution File, Format Version 12.00
# Visual Studio 15
VisualStudioVersion = 15.0.27130.2024
MinimumVisualStudioVersion = 10.0.40219.1
Project("{FAE04EC0-301F-11D3-BF4B-00C04F79EFBC}") = "Pomodoro", "Pomodoro\Pomodoro.csproj", "{BE18D310-F804-4291-9B42-10757307D101}"
EndProject
Project("{FAE04EC0-301F-11D3-BF4B-00C04F79EFBC}") = "CircleControl", "..\..\LIB\CircleControl\CircleControl\CircleControl.csproj", "{0138DF9C-2607-4100-A1DE-082EDFA94D65}"
EndProject
Global
	GlobalSection(SolutionConfigurationPlatforms) = preSolution
		Debug|Any CPU = Debug|Any CPU
		Release|Any CPU = Release|Any CPU
	EndGlobalSection
	GlobalSection(ProjectConfigurationPlatforms) = postSolution
		{BE18D310-F804-4291-9B42-10757307D101}.Debug|Any CPU.ActiveCfg = Debug|Any CPU
		{BE18D310-F804-4291-9B42-10757307D101}.Debug|Any CPU.Build.0 = Debug|Any CPU
		{BE18D310-F804-4291-9B42-10757307D101}.Release|Any CPU.ActiveCfg = Release|Any CPU
		{BE18D310-F804-4291-9B42-10757307D101}.Release|Any CPU.Build.0 = Release|Any CPU
		{0138DF9C-2607-4100-A1DE-082EDFA94D65}.Debug|Any CPU.ActiveCfg = Debug|Any CPU
		{0138DF9C-2607-4100-A1DE-082EDFA94D65}.Debug|Any CPU.Build.0 = Debug|Any CPU
		{0138DF9C-2607-4100-A1DE-082EDFA94D65}.Release|Any CPU.ActiveCfg = Release|Any CPU
		{0138DF9C-2607-4100-A1DE-082EDFA94D65}.Release|Any CPU.Build.0 = Release|Any CPU
	EndGlobalSection
	GlobalSection(SolutionProperties) = preSolution
		HideSolutionNode = FALSE
	EndGlobalSection
	GlobalSection(ExtensibilityGlobals) = postSolution
		SolutionGuid = {9DE7B0BF-81A5-4107-849E-6FF78ED75651}
	EndGlobalSection
EndGlobal
